
Microsoft Visual Studio Solution File, Format Version 12.00
# Visual Studio Version 16
VisualStudioVersion = 16.0.33927.289
MinimumVisualStudioVersion = 10.0.40219.1
Project("{FAE04EC0-301F-11D3-BF4B-00C04F79EFBC}") = "TEST", "TEST\TEST.csproj", "{90F4CB83-EB49-464B-A9EE-0D63E004A324}"
EndProject
Project("{2150E333-8FDC-42A3-9474-1A3956D46DE8}") = "Solution Items", "Solution Items", "{5CDF59BB-2D32-4628-8FE8-9C0690924E98}"
	ProjectSection(SolutionItems) = preProject
		.editorconfig = .editorconfig
	EndProjectSection
EndProject
Project("{FAE04EC0-301F-11D3-BF4B-00C04F79EFBC}") = "ThuVien1", "ThuVien1\ThuVien1.csproj", "{2A6FEA03-D11B-407B-A8C8-076C3CB89759}"
EndProject
Project("{FAE04EC0-301F-11D3-BF4B-00C04F79EFBC}") = "STARTUP", "STARTUP\STARTUP.csproj", "{8B470271-E2BB-44B6-B81C-9B3BD99EB3F6}"
EndProject
Global
	GlobalSection(SolutionConfigurationPlatforms) = preSolution
		Debug|Any CPU = Debug|Any CPU
		Release|Any CPU = Release|Any CPU
	EndGlobalSection
	GlobalSection(ProjectConfigurationPlatforms) = postSolution
		{90F4CB83-EB49-464B-A9EE-0D63E004A324}.Debug|Any CPU.ActiveCfg = Debug|Any CPU
		{90F4CB83-EB49-464B-A9EE-0D63E004A324}.Debug|Any CPU.Build.0 = Debug|Any CPU
		{90F4CB83-EB49-464B-A9EE-0D63E004A324}.Release|Any CPU.ActiveCfg = Release|Any CPU
		{90F4CB83-EB49-464B-A9EE-0D63E004A324}.Release|Any CPU.Build.0 = Release|Any CPU
		{2A6FEA03-D11B-407B-A8C8-076C3CB89759}.Debug|Any CPU.ActiveCfg = Debug|Any CPU
		{2A6FEA03-D11B-407B-A8C8-076C3CB89759}.Debug|Any CPU.Build.0 = Debug|Any CPU
		{2A6FEA03-D11B-407B-A8C8-076C3CB89759}.Release|Any CPU.ActiveCfg = Release|Any CPU
		{2A6FEA03-D11B-407B-A8C8-076C3CB89759}.Release|Any CPU.Build.0 = Release|Any CPU
		{8B470271-E2BB-44B6-B81C-9B3BD99EB3F6}.Debug|Any CPU.ActiveCfg = Debug|Any CPU
		{8B470271-E2BB-44B6-B81C-9B3BD99EB3F6}.Debug|Any CPU.Build.0 = Debug|Any CPU
		{8B470271-E2BB-44B6-B81C-9B3BD99EB3F6}.Release|Any CPU.ActiveCfg = Release|Any CPU
		{8B470271-E2BB-44B6-B81C-9B3BD99EB3F6}.Release|Any CPU.Build.0 = Release|Any CPU
	EndGlobalSection
	GlobalSection(SolutionProperties) = preSolution
		HideSolutionNode = FALSE
	EndGlobalSection
	GlobalSection(ExtensibilityGlobals) = postSolution
		SolutionGuid = {25722263-B0A6-467F-B2E1-0FB589522904}
	EndGlobalSection
EndGlobal
